
Microsoft Visual Studio Solution File, Format Version 12.00
# Visual Studio 2012
Project("{2150E333-8FDC-42A3-9474-1A3956D46DE8}") = "src", "src", "{3E884E84-D65A-4DE9-98B1-3023A9AAF538}"
EndProject
Project("{f2a71f9b-5d33-465a-a702-920d77279786}") = "app", "src\app\app.fsproj", "{46C6B171-6D2A-4267-A032-38C4A1D8F782}"
EndProject
Project("{f2a71f9b-5d33-465a-a702-920d77279786}") = "test", "src\test\test.fsproj", "{48F9F327-DA30-4F70-9AE6-8157740E9BA5}"
EndProject
Global
	GlobalSection(SolutionConfigurationPlatforms) = preSolution
		Debug|x86 = Debug|x86
		Release|x86 = Release|x86
	EndGlobalSection
	GlobalSection(ProjectConfigurationPlatforms) = postSolution
		{46C6B171-6D2A-4267-A032-38C4A1D8F782}.Debug|x86.ActiveCfg = Debug|x86
		{46C6B171-6D2A-4267-A032-38C4A1D8F782}.Debug|x86.Build.0 = Debug|x86
		{46C6B171-6D2A-4267-A032-38C4A1D8F782}.Release|x86.ActiveCfg = Release|x86
		{46C6B171-6D2A-4267-A032-38C4A1D8F782}.Release|x86.Build.0 = Release|x86
		{48F9F327-DA30-4F70-9AE6-8157740E9BA5}.Debug|x86.ActiveCfg = Debug|Any CPU
		{48F9F327-DA30-4F70-9AE6-8157740E9BA5}.Debug|x86.Build.0 = Debug|Any CPU
		{48F9F327-DA30-4F70-9AE6-8157740E9BA5}.Release|x86.ActiveCfg = Release|Any CPU
		{48F9F327-DA30-4F70-9AE6-8157740E9BA5}.Release|x86.Build.0 = Release|Any CPU
	EndGlobalSection
	GlobalSection(NestedProjects) = preSolution
		{46C6B171-6D2A-4267-A032-38C4A1D8F782} = {3E884E84-D65A-4DE9-98B1-3023A9AAF538}
		{48F9F327-DA30-4F70-9AE6-8157740E9BA5} = {3E884E84-D65A-4DE9-98B1-3023A9AAF538}
	EndGlobalSection
EndGlobal
